
Microsoft Visual Studio Solution File, Format Version 12.00
# Visual Studio Version 17
VisualStudioVersion = 17.3.32922.545
MinimumVisualStudioVersion = 10.0.40219.1
Project("{9A19103F-16F7-4668-BE54-9A1E7A4F7556}") = "PizzaStore", "PizzaStore.csproj", "{21BBC35B-E75F-427E-9684-86BEDC52BEB2}"
EndProject
Global
	GlobalSection(SolutionConfigurationPlatforms) = preSolution
		Debug|Any CPU = Debug|Any CPU
		Release|Any CPU = Release|Any CPU
	EndGlobalSection
	GlobalSection(ProjectConfigurationPlatforms) = postSolution
		{21BBC35B-E75F-427E-9684-86BEDC52BEB2}.Debug|Any CPU.ActiveCfg = Debug|Any CPU
		{21BBC35B-E75F-427E-9684-86BEDC52BEB2}.Debug|Any CPU.Build.0 = Debug|Any CPU
		{21BBC35B-E75F-427E-9684-86BEDC52BEB2}.Release|Any CPU.ActiveCfg = Release|Any CPU
		{21BBC35B-E75F-427E-9684-86BEDC52BEB2}.Release|Any CPU.Build.0 = Release|Any CPU
	EndGlobalSection
	GlobalSection(SolutionProperties) = preSolution
		HideSolutionNode = FALSE
	EndGlobalSection
	GlobalSection(ExtensibilityGlobals) = postSolution
		SolutionGuid = {B0E85101-76D9-41C8-BD96-5C16117788E7}
	EndGlobalSection
EndGlobal
